
Microsoft Visual Studio Solution File, Format Version 12.00
# Visual Studio Version 16
VisualStudioVersion = 16.0.30204.135
MinimumVisualStudioVersion = 10.0.40219.1
Project("{8BC9CEB8-8B4A-11D0-8D11-00A0C91BC942}") = "DeclarandoPonteiros", "DeclarandoPonteiros.vcxproj", "{4A442E06-7181-425E-B39F-5B232FD2DF99}"
EndProject
Global
	GlobalSection(SolutionConfigurationPlatforms) = preSolution
		Debug|x64 = Debug|x64
		Debug|x86 = Debug|x86
		Release|x64 = Release|x64
		Release|x86 = Release|x86
	EndGlobalSection
	GlobalSection(ProjectConfigurationPlatforms) = postSolution
		{4A442E06-7181-425E-B39F-5B232FD2DF99}.Debug|x64.ActiveCfg = Debug|x64
		{4A442E06-7181-425E-B39F-5B232FD2DF99}.Debug|x64.Build.0 = Debug|x64
		{4A442E06-7181-425E-B39F-5B232FD2DF99}.Debug|x86.ActiveCfg = Debug|Win32
		{4A442E06-7181-425E-B39F-5B232FD2DF99}.Debug|x86.Build.0 = Debug|Win32
		{4A442E06-7181-425E-B39F-5B232FD2DF99}.Release|x64.ActiveCfg = Release|x64
		{4A442E06-7181-425E-B39F-5B232FD2DF99}.Release|x64.Build.0 = Release|x64
		{4A442E06-7181-425E-B39F-5B232FD2DF99}.Release|x86.ActiveCfg = Release|Win32
		{4A442E06-7181-425E-B39F-5B232FD2DF99}.Release|x86.Build.0 = Release|Win32
	EndGlobalSection
	GlobalSection(SolutionProperties) = preSolution
		HideSolutionNode = FALSE
	EndGlobalSection
	GlobalSection(ExtensibilityGlobals) = postSolution
		SolutionGuid = {2D458B82-E284-4FF0-9757-D7F34A462726}
	EndGlobalSection
EndGlobal
