
Microsoft Visual Studio Solution File, Format Version 12.00
# Visual Studio Version 16
VisualStudioVersion = 16.0.30204.135
MinimumVisualStudioVersion = 10.0.40219.1
Project("{8BC9CEB8-8B4A-11D0-8D11-00A0C91BC942}") = "Num1a10", "Num1a10.vcxproj", "{22BD3D6A-E76A-4AEE-AE61-B429E4D7AC90}"
EndProject
Global
	GlobalSection(SolutionConfigurationPlatforms) = preSolution
		Debug|x64 = Debug|x64
		Debug|x86 = Debug|x86
		Release|x64 = Release|x64
		Release|x86 = Release|x86
	EndGlobalSection
	GlobalSection(ProjectConfigurationPlatforms) = postSolution
		{22BD3D6A-E76A-4AEE-AE61-B429E4D7AC90}.Debug|x64.ActiveCfg = Debug|x64
		{22BD3D6A-E76A-4AEE-AE61-B429E4D7AC90}.Debug|x64.Build.0 = Debug|x64
		{22BD3D6A-E76A-4AEE-AE61-B429E4D7AC90}.Debug|x86.ActiveCfg = Debug|Win32
		{22BD3D6A-E76A-4AEE-AE61-B429E4D7AC90}.Debug|x86.Build.0 = Debug|Win32
		{22BD3D6A-E76A-4AEE-AE61-B429E4D7AC90}.Release|x64.ActiveCfg = Release|x64
		{22BD3D6A-E76A-4AEE-AE61-B429E4D7AC90}.Release|x64.Build.0 = Release|x64
		{22BD3D6A-E76A-4AEE-AE61-B429E4D7AC90}.Release|x86.ActiveCfg = Release|Win32
		{22BD3D6A-E76A-4AEE-AE61-B429E4D7AC90}.Release|x86.Build.0 = Release|Win32
	EndGlobalSection
	GlobalSection(SolutionProperties) = preSolution
		HideSolutionNode = FALSE
	EndGlobalSection
	GlobalSection(ExtensibilityGlobals) = postSolution
		SolutionGuid = {F7479ED9-854E-49B5-BC25-8025DCE18CE6}
	EndGlobalSection
EndGlobal
